
Microsoft Visual Studio Solution File, Format Version 12.00
# Visual Studio Version 17
VisualStudioVersion = 17.14.36616.10 d17.14
MinimumVisualStudioVersion = 10.0.40219.1
Project("{FAE04EC0-301F-11D3-BF4B-00C04F79EFBC}") = "Punto_De_Venta", "Punto_De_Venta\Punto_De_Venta.csproj", "{42FE63E7-E735-4A61-B124-974B1CCFC65E}"
EndProject
Global
	GlobalSection(SolutionConfigurationPlatforms) = preSolution
		Debug|Any CPU = Debug|Any CPU
		Release|Any CPU = Release|Any CPU
	EndGlobalSection
	GlobalSection(ProjectConfigurationPlatforms) = postSolution
		{42FE63E7-E735-4A61-B124-974B1CCFC65E}.Debug|Any CPU.ActiveCfg = Debug|Any CPU
		{42FE63E7-E735-4A61-B124-974B1CCFC65E}.Debug|Any CPU.Build.0 = Debug|Any CPU
		{42FE63E7-E735-4A61-B124-974B1CCFC65E}.Release|Any CPU.ActiveCfg = Release|Any CPU
		{42FE63E7-E735-4A61-B124-974B1CCFC65E}.Release|Any CPU.Build.0 = Release|Any CPU
	EndGlobalSection
	GlobalSection(SolutionProperties) = preSolution
		HideSolutionNode = FALSE
	EndGlobalSection
	GlobalSection(ExtensibilityGlobals) = postSolution
		SolutionGuid = {8FF5750E-089B-41C7-93E5-3E05B42E612A}
	EndGlobalSection
EndGlobal
